{
  "name": "myprofile",
  "version": "1.0.0",
  "lockfileVersion": 1,
  "requires": true,
  "dependencies": {
    "@fortawesome/fontawesome-free": {
      "version": "5.15.3",
      "resolved": "https://repo.mamdev.server.lan/artifactory/api/npm/npm-snapshots/@fortawesome/fontawesome-free/-/fontawesome-free-5.15.3.tgz",
      "integrity": "sha1-w2/6ZKKiOb+UhUGpe2ro1yngmpo="
    },
    "@nodelib/fs.scandir": {
      "version": "2.1.5",
      "resolved": "https://repo.mamdev.server.lan/artifactory/api/npm/npm-snapshots/@nodelib/fs.scandir/-/fs.scandir-2.1.5.tgz",
      "integrity": "sha1-dhnC6yGyVIP20WdUi0z9WnSIw9U=",
      "requires": {
        "@nodelib/fs.stat": "2.0.5",
        "run-parallel": "^1.1.9"
      }
    },
    "@nodelib/fs.stat": {
      "version": "2.0.5",
      "resolved": "https://repo.mamdev.server.lan/artifactory/api/npm/npm-snapshots/@nodelib/fs.stat/-/fs.stat-2.0.5.tgz",
      "integrity": "sha1-W9Jir5Tp0lvR5xsF3u1Eh2oiLos="
    },
    "@nodelib/fs.walk": {
      "version": "1.2.7",
      "resolved": "https://repo.mamdev.server.lan/artifactory/api/npm/npm-snapshots/@nodelib/fs.walk/-/fs.walk-1.2.7.tgz",
      "integrity": "sha1-lMI9sY7kZT4Smr0m+wb4cKyeHuI=",
      "requires": {
        "@nodelib/fs.scandir": "2.1.5",
        "fastq": "^1.6.0"
      }
    },
    "ansi-regex": {
      "version": "5.0.0",
      "resolved": "https://repo.mamdev.server.lan/artifactory/api/npm/npm-snapshots/ansi-regex/-/ansi-regex-5.0.0.tgz",
      "integrity": "sha1-OIU59VF5vzkznIGvMKZU1p+Hy3U="
    },
    "ansi-styles": {
      "version": "4.3.0",
      "resolved": "https://repo.mamdev.server.lan/artifactory/api/npm/npm-snapshots/ansi-styles/-/ansi-styles-4.3.0.tgz",
      "integrity": "sha1-7dgDYornHATIWuegkG7a00tkiTc=",
      "requires": {
        "color-convert": "^2.0.1"
      }
    },
    "anymatch": {
      "version": "3.1.2",
      "resolved": "https://repo.mamdev.server.lan/artifactory/api/npm/npm-snapshots/anymatch/-/anymatch-3.1.2.tgz",
      "integrity": "sha1-wFV8CWrzLxBhmPT04qODU343hxY=",
      "requires": {
        "normalize-path": "^3.0.0",
        "picomatch": "^2.0.4"
      }
    },
    "array-union": {
      "version": "2.1.0",
      "resolved": "https://repo.mamdev.server.lan/artifactory/api/npm/npm-snapshots/array-union/-/array-union-2.1.0.tgz",
      "integrity": "sha1-t5hCCtvrHego2ErNii4j0+/oXo0="
    },
    "at-least-node": {
      "version": "1.0.0",
      "resolved": "https://repo.mamdev.server.lan/artifactory/api/npm/npm-snapshots/at-least-node/-/at-least-node-1.0.0.tgz",
      "integrity": "sha1-YCzUtG6EStTv/JKoARo8RuAjjcI="
    },
    "autoprefixer": {
      "version": "10.2.6",
      "resolved": "https://repo.mamdev.server.lan/artifactory/api/npm/npm-snapshots/autoprefixer/-/autoprefixer-10.2.6.tgz",
      "integrity": "sha1-qt2ew04cmNQD4BlQA4BJ8OslKUk=",
      "requires": {
        "browserslist": "^4.16.6",
        "caniuse-lite": "^1.0.30001230",
        "colorette": "^1.2.2",
        "fraction.js": "^4.1.1",
        "normalize-range": "^0.1.2",
        "postcss-value-parser": "^4.1.0"
      }
    },
    "binary-extensions": {
      "version": "2.2.0",
      "resolved": "https://repo.mamdev.server.lan/artifactory/api/npm/npm-snapshots/binary-extensions/-/binary-extensions-2.2.0.tgz",
      "integrity": "sha1-dfUC7q+f/eQvyYgpZFvk6na9ni0="
    },
    "bootstrap": {
      "version": "5.0.1",
      "resolved": "https://repo.mamdev.server.lan/artifactory/api/npm/npm-snapshots/bootstrap/-/bootstrap-5.0.1.tgz",
      "integrity": "sha1-55OdWZEZ3IGKkEeKKimb2v8Dfgk="
    },
    "braces": {
      "version": "3.0.2",
      "resolved": "https://repo.mamdev.server.lan/artifactory/api/npm/npm-snapshots/braces/-/braces-3.0.2.tgz",
      "integrity": "sha1-NFThpGLujVmeI23zNs2epPiv4Qc=",
      "requires": {
        "fill-range": "^7.0.1"
      }
    },
    "browserslist": {
      "version": "4.16.6",
      "resolved": "https://repo.mamdev.server.lan/artifactory/api/npm/npm-snapshots/browserslist/-/browserslist-4.16.6.tgz",
      "integrity": "sha1-15ASd6WojlVO0wWxg+ybDAj2b6I=",
      "requires": {
        "caniuse-lite": "^1.0.30001219",
        "colorette": "^1.2.2",
        "electron-to-chromium": "^1.3.723",
        "escalade": "^3.1.1",
        "node-releases": "^1.1.71"
      }
    },
    "caniuse-lite": {
      "version": "1.0.30001238",
      "resolved": "https://repo.mamdev.server.lan/artifactory/api/npm/npm-snapshots/caniuse-lite/-/caniuse-lite-1.0.30001238.tgz",
      "integrity": "sha1-5qi0VFXF3mAXGHNtAkL+7w7N2hU="
    },
    "chalk": {
      "version": "4.1.1",
      "resolved": "https://repo.mamdev.server.lan/artifactory/api/npm/npm-snapshots/chalk/-/chalk-4.1.1.tgz",
      "integrity": "sha1-yAs/qyi/Y3HmhjMl7uZ+YYt35q0=",
      "requires": {
        "ansi-styles": "^4.1.0",
        "supports-color": "^7.1.0"
      }
    },
    "chokidar": {
      "version": "3.5.2",
      "resolved": "https://repo.mamdev.server.lan/artifactory/api/npm/npm-snapshots/chokidar/-/chokidar-3.5.2.tgz",
      "integrity": "sha1-26OXb8rbAW9m/TZQIdkWANAcHnU=",
      "requires": {
        "anymatch": "~3.1.2",
        "braces": "~3.0.2",
        "fsevents": "~2.3.2",
        "glob-parent": "~5.1.2",
        "is-binary-path": "~2.1.0",
        "is-glob": "~4.0.1",
        "normalize-path": "~3.0.0",
        "readdirp": "~3.6.0"
      }
    },
    "cliui": {
      "version": "7.0.4",
      "resolved": "https://repo.mamdev.server.lan/artifactory/api/npm/npm-snapshots/cliui/-/cliui-7.0.4.tgz",
      "integrity": "sha1-oCZe5lVHb8gHrqnfPfjfd4OAi08=",
      "requires": {
        "string-width": "^4.2.0",
        "strip-ansi": "^6.0.0",
        "wrap-ansi": "^7.0.0"
      }
    },
    "color-convert": {
      "version": "2.0.1",
      "resolved": "https://repo.mamdev.server.lan/artifactory/api/npm/npm-snapshots/color-convert/-/color-convert-2.0.1.tgz",
      "integrity": "sha1-ctOmjVmMm9s68q0ehPIdiWq9TeM=",
      "requires": {
        "color-name": "~1.1.4"
      }
    },
    "color-name": {
      "version": "1.1.4",
      "resolved": "https://repo.mamdev.server.lan/artifactory/api/npm/npm-snapshots/color-name/-/color-name-1.1.4.tgz",
      "integrity": "sha1-wqCah6y95pVD3m9j+jmVyCbFNqI="
    },
    "colorette": {
      "version": "1.2.2",
      "resolved": "https://repo.mamdev.server.lan/artifactory/api/npm/npm-snapshots/colorette/-/colorette-1.2.2.tgz",
      "integrity": "sha1-y8x51emcrqLb8Q6zom/Ys+as+pQ="
    },
    "dependency-graph": {
      "version": "0.9.0",
      "resolved": "https://repo.mamdev.server.lan/artifactory/api/npm/npm-snapshots/dependency-graph/-/dependency-graph-0.9.0.tgz",
      "integrity": "sha1-Ea7X4gO8iwD0g1bZLbJ7JlxEUxg="
    },
    "dir-glob": {
      "version": "3.0.1",
      "resolved": "https://repo.mamdev.server.lan/artifactory/api/npm/npm-snapshots/dir-glob/-/dir-glob-3.0.1.tgz",
      "integrity": "sha1-Vtv3PZkqSpO6FYT0U0Bj/S5BcX8=",
      "requires": {
        "path-type": "^4.0.0"
      }
    },
    "electron-to-chromium": {
      "version": "1.3.752",
      "resolved": "https://repo.mamdev.server.lan/artifactory/api/npm/npm-snapshots/electron-to-chromium/-/electron-to-chromium-1.3.752.tgz",
      "integrity": "sha1-ByhYfxublw7J/62TJJZCmu91DQk="
    },
    "emoji-regex": {
      "version": "8.0.0",
      "resolved": "https://repo.mamdev.server.lan/artifactory/api/npm/npm-snapshots/emoji-regex/-/emoji-regex-8.0.0.tgz",
      "integrity": "sha1-6Bj9ac5cz8tARZT4QpY79TFkzDc="
    },
    "escalade": {
      "version": "3.1.1",
      "resolved": "https://repo.mamdev.server.lan/artifactory/api/npm/npm-snapshots/escalade/-/escalade-3.1.1.tgz",
      "integrity": "sha1-2M/ccACWXFoBdLSoLqpcBVJ0LkA="
    },
    "fast-glob": {
      "version": "3.2.5",
      "resolved": "https://repo.mamdev.server.lan/artifactory/api/npm/npm-snapshots/fast-glob/-/fast-glob-3.2.5.tgz",
      "integrity": "sha1-eTmvKmVt55pPGQGQPuityqfLlmE=",
      "requires": {
        "@nodelib/fs.stat": "^2.0.2",
        "@nodelib/fs.walk": "^1.2.3",
        "glob-parent": "^5.1.0",
        "merge2": "^1.3.0",
        "micromatch": "^4.0.2",
        "picomatch": "^2.2.1"
      }
    },
    "fastq": {
      "version": "1.11.0",
      "resolved": "https://repo.mamdev.server.lan/artifactory/api/npm/npm-snapshots/fastq/-/fastq-1.11.0.tgz",
      "integrity": "sha1-u5+5VaBxMKkY62PB9RYcwypdCFg=",
      "requires": {
        "reusify": "^1.0.4"
      }
    },
    "fill-range": {
      "version": "7.0.1",
      "resolved": "https://repo.mamdev.server.lan/artifactory/api/npm/npm-snapshots/fill-range/-/fill-range-7.0.1.tgz",
      "integrity": "sha1-GRmmp8df44ssfHflGYU12prN2kA=",
      "requires": {
        "to-regex-range": "^5.0.1"
      }
    },
    "fraction.js": {
      "version": "4.1.1",
      "resolved": "https://repo.mamdev.server.lan/artifactory/api/npm/npm-snapshots/fraction.js/-/fraction.js-4.1.1.tgz",
      "integrity": "sha1-rE5SBHPa5nAS1hiquR7aCby0AP8="
    },
    "fs-extra": {
      "version": "9.1.0",
      "resolved": "https://repo.mamdev.server.lan/artifactory/api/npm/npm-snapshots/fs-extra/-/fs-extra-9.1.0.tgz",
      "integrity": "sha1-WVRGDHZKjaIJS6NVS/g55rmnyG0=",
      "requires": {
        "at-least-node": "^1.0.0",
        "graceful-fs": "^4.2.0",
        "jsonfile": "^6.0.1",
        "universalify": "^2.0.0"
      }
    },
    "fsevents": {
      "version": "2.3.2",
      "resolved": "https://repo.mamdev.server.lan/artifactory/api/npm/npm-snapshots/fsevents/-/fsevents-2.3.2.tgz",
      "integrity": "sha1-ilJveLj99GI7cJ4Ll1xSwkwC/Ro=",
      "optional": true
    },
    "get-caller-file": {
      "version": "2.0.5",
      "resolved": "https://repo.mamdev.server.lan/artifactory/api/npm/npm-snapshots/get-caller-file/-/get-caller-file-2.0.5.tgz",
      "integrity": "sha1-T5RBKoLbMvNuOwuXQfipf+sDH34="
    },
    "get-stdin": {
      "version": "8.0.0",
      "resolved": "https://repo.mamdev.server.lan/artifactory/api/npm/npm-snapshots/get-stdin/-/get-stdin-8.0.0.tgz",
      "integrity": "sha1-y61qc/63X27rIrqeAfiaooqpelM="
    },
    "glob-parent": {
      "version": "5.1.2",
      "resolved": "https://repo.mamdev.server.lan/artifactory/api/npm/npm-snapshots/glob-parent/-/glob-parent-5.1.2.tgz",
      "integrity": "sha1-hpgyxYA0/mikCTwX3BXoNA2EAcQ=",
      "requires": {
        "is-glob": "^4.0.1"
      }
    },
    "globby": {
      "version": "11.0.4",
      "resolved": "https://repo.mamdev.server.lan/artifactory/api/npm/npm-snapshots/globby/-/globby-11.0.4.tgz",
      "integrity": "sha1-LLr/d8Lypi5x6bKBOme5ejowAaU=",
      "requires": {
        "array-union": "^2.1.0",
        "dir-glob": "^3.0.1",
        "fast-glob": "^3.1.1",
        "ignore": "^5.1.4",
        "merge2": "^1.3.0",
        "slash": "^3.0.0"
      }
    },
    "graceful-fs": {
      "version": "4.2.6",
      "resolved": "https://repo.mamdev.server.lan/artifactory/api/npm/npm-snapshots/graceful-fs/-/graceful-fs-4.2.6.tgz",
      "integrity": "sha1-/wQLKwhTsjw9MQJ1I3BvGIXXa+4="
    },
    "has-flag": {
      "version": "4.0.0",
      "resolved": "https://repo.mamdev.server.lan/artifactory/api/npm/npm-snapshots/has-flag/-/has-flag-4.0.0.tgz",
      "integrity": "sha1-lEdx/ZyByBJlxNaUGGDaBrtZR5s="
    },
    "ignore": {
      "version": "5.1.8",
      "resolved": "https://repo.mamdev.server.lan/artifactory/api/npm/npm-snapshots/ignore/-/ignore-5.1.8.tgz",
      "integrity": "sha1-8VCotQo0KJsz4i9YiavU2AFvDlc="
    },
    "import-cwd": {
      "version": "3.0.0",
      "resolved": "https://repo.mamdev.server.lan/artifactory/api/npm/npm-snapshots/import-cwd/-/import-cwd-3.0.0.tgz",
      "integrity": "sha1-IIRVR3GAFRJuqbNna3WS+4vUz5I=",
      "requires": {
        "import-from": "^3.0.0"
      }
    },
    "import-from": {
      "version": "3.0.0",
      "resolved": "https://repo.mamdev.server.lan/artifactory/api/npm/npm-snapshots/import-from/-/import-from-3.0.0.tgz",
      "integrity": "sha1-BVz+w4zVon2AV8pRN219O/CJGWY=",
      "requires": {
        "resolve-from": "^5.0.0"
      }
    },
    "is-binary-path": {
      "version": "2.1.0",
      "resolved": "https://repo.mamdev.server.lan/artifactory/api/npm/npm-snapshots/is-binary-path/-/is-binary-path-2.1.0.tgz",
      "integrity": "sha1-6h9/O4DwZCNug0cPhsCcJU+0Wwk=",
      "requires": {
        "binary-extensions": "^2.0.0"
      }
    },
    "is-extglob": {
      "version": "2.1.1",
      "resolved": "https://repo.mamdev.server.lan/artifactory/api/npm/npm-snapshots/is-extglob/-/is-extglob-2.1.1.tgz",
      "integrity": "sha1-qIwCU1eR8C7TfHahueqXc8gz+MI="
    },
    "is-fullwidth-code-point": {
      "version": "3.0.0",
      "resolved": "https://repo.mamdev.server.lan/artifactory/api/npm/npm-snapshots/is-fullwidth-code-point/-/is-fullwidth-code-point-3.0.0.tgz",
      "integrity": "sha1-8Rb4Bk/pCz94RKOJl8C3UFEmnx0="
    },
    "is-glob": {
      "version": "4.0.1",
      "resolved": "https://repo.mamdev.server.lan/artifactory/api/npm/npm-snapshots/is-glob/-/is-glob-4.0.1.tgz",
      "integrity": "sha1-dWfb6fL14kZ7x3q4PEopSCQHpdw=",
      "requires": {
        "is-extglob": "^2.1.1"
      }
    },
    "is-number": {
      "version": "7.0.0",
      "resolved": "https://repo.mamdev.server.lan/artifactory/api/npm/npm-snapshots/is-number/-/is-number-7.0.0.tgz",
      "integrity": "sha1-dTU0W4lnNNX4DE0GxQlVUnoU8Ss="
    },
    "jsonfile": {
      "version": "6.1.0",
      "resolved": "https://repo.mamdev.server.lan/artifactory/api/npm/npm-snapshots/jsonfile/-/jsonfile-6.1.0.tgz",
      "integrity": "sha1-vFWyY0eTxnnsZAMJTrE2mKbsCq4=",
      "requires": {
        "graceful-fs": "^4.1.6",
        "universalify": "^2.0.0"
      }
    },
    "lilconfig": {
      "version": "2.0.3",
      "resolved": "https://repo.mamdev.server.lan/artifactory/api/npm/npm-snapshots/lilconfig/-/lilconfig-2.0.3.tgz",
      "integrity": "sha1-aPMAXpIdr70qKvtIN5mGqm0lef0="
    },
    "lodash.difference": {
      "version": "4.5.0",
      "resolved": "https://repo.mamdev.server.lan/artifactory/api/npm/npm-snapshots/lodash.difference/-/lodash.difference-4.5.0.tgz",
      "integrity": "sha1-nMtOUF1Ia5FlE0V3KIWi3yf9AXw="
    },
    "lodash.forown": {
      "version": "4.4.0",
      "resolved": "https://repo.mamdev.server.lan/artifactory/api/npm/npm-snapshots/lodash.forown/-/lodash.forown-4.4.0.tgz",
      "integrity": "sha1-hRFc8E9z75ZuztUlEdOJPMRmg68="
    },
    "lodash.get": {
      "version": "4.4.2",
      "resolved": "https://repo.mamdev.server.lan/artifactory/api/npm/npm-snapshots/lodash.get/-/lodash.get-4.4.2.tgz",
      "integrity": "sha1-LRd/ZS+jHpObRDjVNBSZ36OCXpk="
    },
    "lodash.groupby": {
      "version": "4.6.0",
      "resolved": "https://repo.mamdev.server.lan/artifactory/api/npm/npm-snapshots/lodash.groupby/-/lodash.groupby-4.6.0.tgz",
      "integrity": "sha1-Cwih3PaDl8OXhVwyOXg4Mt90A9E="
    },
    "lodash.sortby": {
      "version": "4.7.0",
      "resolved": "https://repo.mamdev.server.lan/artifactory/api/npm/npm-snapshots/lodash.sortby/-/lodash.sortby-4.7.0.tgz",
      "integrity": "sha1-7dFMgk4sycHgsKG0K7UhBRakJDg="
    },
    "merge2": {
      "version": "1.4.1",
      "resolved": "https://repo.mamdev.server.lan/artifactory/api/npm/npm-snapshots/merge2/-/merge2-1.4.1.tgz",
      "integrity": "sha1-Q2iJL4hekHRVpv19xVwMnUBJkK4="
    },
    "micromatch": {
      "version": "4.0.4",
      "resolved": "https://repo.mamdev.server.lan/artifactory/api/npm/npm-snapshots/micromatch/-/micromatch-4.0.4.tgz",
      "integrity": "sha1-iW1Rnf6dsl/OlM63pQCRm/iB6/k=",
      "requires": {
        "braces": "^3.0.1",
        "picomatch": "^2.2.3"
      }
    },
    "node-releases": {
      "version": "1.1.73",
      "resolved": "https://repo.mamdev.server.lan/artifactory/api/npm/npm-snapshots/node-releases/-/node-releases-1.1.73.tgz",
      "integrity": "sha1-3U6B3dUnf/hGuAtSu0DEnt96eyA="
    },
    "normalize-path": {
      "version": "3.0.0",
      "resolved": "https://repo.mamdev.server.lan/artifactory/api/npm/npm-snapshots/normalize-path/-/normalize-path-3.0.0.tgz",
      "integrity": "sha1-Dc1p/yOhybEf0JeDFmRKA4ghamU="
    },
    "normalize-range": {
      "version": "0.1.2",
      "resolved": "https://repo.mamdev.server.lan/artifactory/api/npm/npm-snapshots/normalize-range/-/normalize-range-0.1.2.tgz",
      "integrity": "sha1-LRDAa9/TEuqXd2laTShDlFa3WUI="
    },
    "path-type": {
      "version": "4.0.0",
      "resolved": "https://repo.mamdev.server.lan/artifactory/api/npm/npm-snapshots/path-type/-/path-type-4.0.0.tgz",
      "integrity": "sha1-hO0BwKe6OAr+CdkKjBgNzZ0DBDs="
    },
    "picomatch": {
      "version": "2.3.0",
      "resolved": "https://repo.mamdev.server.lan/artifactory/api/npm/npm-snapshots/picomatch/-/picomatch-2.3.0.tgz",
      "integrity": "sha1-8fBh3o9qS/AiiS4tEoI0+5gwKXI="
    },
    "pify": {
      "version": "2.3.0",
      "resolved": "https://repo.mamdev.server.lan/artifactory/api/npm/npm-snapshots/pify/-/pify-2.3.0.tgz",
      "integrity": "sha1-7RQaasBDqEnqWISY59yosVMw6Qw="
    },
    "postcss-cli": {
      "version": "8.3.1",
      "resolved": "https://repo.mamdev.server.lan/artifactory/api/npm/npm-snapshots/postcss-cli/-/postcss-cli-8.3.1.tgz",
      "integrity": "sha1-hl2tCDAKxZrpzstwZngKqBx2enc=",
      "requires": {
        "chalk": "^4.0.0",
        "chokidar": "^3.3.0",
        "dependency-graph": "^0.9.0",
        "fs-extra": "^9.0.0",
        "get-stdin": "^8.0.0",
        "globby": "^11.0.0",
        "postcss-load-config": "^3.0.0",
        "postcss-reporter": "^7.0.0",
        "pretty-hrtime": "^1.0.3",
        "read-cache": "^1.0.0",
        "slash": "^3.0.0",
        "yargs": "^16.0.0"
      }
    },
    "postcss-load-config": {
      "version": "3.1.0",
      "resolved": "https://repo.mamdev.server.lan/artifactory/api/npm/npm-snapshots/postcss-load-config/-/postcss-load-config-3.1.0.tgz",
      "integrity": "sha1-05xHCRxK7Df1AnI3OmpkjvXpeCk=",
      "requires": {
        "import-cwd": "^3.0.0",
        "lilconfig": "^2.0.3",
        "yaml": "^1.10.2"
      }
    },
    "postcss-reporter": {
      "version": "7.0.2",
      "resolved": "https://repo.mamdev.server.lan/artifactory/api/npm/npm-snapshots/postcss-reporter/-/postcss-reporter-7.0.2.tgz",
      "integrity": "sha1-A+nnOBwa/kBkb5wi567rhg4FEGU=",
      "requires": {
        "colorette": "^1.2.1",
        "lodash.difference": "^4.5.0",
        "lodash.forown": "^4.4.0",
        "lodash.get": "^4.4.2",
        "lodash.groupby": "^4.6.0",
        "lodash.sortby": "^4.7.0"
      }
    },
    "postcss-value-parser": {
      "version": "4.1.0",
      "resolved": "https://repo.mamdev.server.lan/artifactory/api/npm/npm-snapshots/postcss-value-parser/-/postcss-value-parser-4.1.0.tgz",
      "integrity": "sha1-RD9qIM7WSBor2k+oUypuVdeJoss="
    },
    "pretty-hrtime": {
      "version": "1.0.3",
      "resolved": "https://repo.mamdev.server.lan/artifactory/api/npm/npm-snapshots/pretty-hrtime/-/pretty-hrtime-1.0.3.tgz",
      "integrity": "sha1-t+PqQkNaTJsnWdmeDyAesZWALuE="
    },
    "queue-microtask": {
      "version": "1.2.3",
      "resolved": "https://repo.mamdev.server.lan/artifactory/api/npm/npm-snapshots/queue-microtask/-/queue-microtask-1.2.3.tgz",
      "integrity": "sha1-SSkii7xyTfrEPg77BYyve2z7YkM="
    },
    "read-cache": {
      "version": "1.0.0",
      "resolved": "https://repo.mamdev.server.lan/artifactory/api/npm/npm-snapshots/read-cache/-/read-cache-1.0.0.tgz",
      "integrity": "sha1-5mTvMRYRZsl1HNvo28+GtftY93Q=",
      "requires": {
        "pify": "^2.3.0"
      }
    },
    "readdirp": {
      "version": "3.6.0",
      "resolved": "https://repo.mamdev.server.lan/artifactory/api/npm/npm-snapshots/readdirp/-/readdirp-3.6.0.tgz",
      "integrity": "sha1-dKNwvYVxFuJFspzJc0DNQxoCpsc=",
      "requires": {
        "picomatch": "^2.2.1"
      }
    },
    "require-directory": {
      "version": "2.1.1",
      "resolved": "https://repo.mamdev.server.lan/artifactory/api/npm/npm-snapshots/require-directory/-/require-directory-2.1.1.tgz",
      "integrity": "sha1-jGStX9MNqxyXbiNE/+f3kqam30I="
    },
    "resolve-from": {
      "version": "5.0.0",
      "resolved": "https://repo.mamdev.server.lan/artifactory/api/npm/npm-snapshots/resolve-from/-/resolve-from-5.0.0.tgz",
      "integrity": "sha1-w1IlhD3493bfIcV1V7wIfp39/Gk="
    },
    "reusify": {
      "version": "1.0.4",
      "resolved": "https://repo.mamdev.server.lan/artifactory/api/npm/npm-snapshots/reusify/-/reusify-1.0.4.tgz",
      "integrity": "sha1-kNo4Kx4SbvwCFG6QhFqI2xKSXXY="
    },
    "run-parallel": {
      "version": "1.2.0",
      "resolved": "https://repo.mamdev.server.lan/artifactory/api/npm/npm-snapshots/run-parallel/-/run-parallel-1.2.0.tgz",
      "integrity": "sha1-ZtE2jae9+SHrnZW9GpIp5/IaQ+4=",
      "requires": {
        "queue-microtask": "^1.2.2"
      }
    },
    "sass": {
      "version": "1.35.1",
      "resolved": "https://repo.mamdev.server.lan/artifactory/api/npm/npm-snapshots/sass/-/sass-1.35.1.tgz",
      "integrity": "sha1-kOz3dN/mjwe2GTB347QvsVS54c0=",
      "dev": true,
      "requires": {
        "chokidar": ">=3.0.0 <4.0.0"
      }
    },
    "slash": {
      "version": "3.0.0",
      "resolved": "https://repo.mamdev.server.lan/artifactory/api/npm/npm-snapshots/slash/-/slash-3.0.0.tgz",
      "integrity": "sha1-ZTm+hwwWWtvVJAIg2+Nh8bxNRjQ="
    },
    "string-width": {
      "version": "4.2.2",
      "resolved": "https://repo.mamdev.server.lan/artifactory/api/npm/npm-snapshots/string-width/-/string-width-4.2.2.tgz",
      "integrity": "sha1-2v1PlVmnWFz7pSnGoKT3NIjr1MU=",
      "requires": {
        "emoji-regex": "^8.0.0",
        "is-fullwidth-code-point": "^3.0.0",
        "strip-ansi": "^6.0.0"
      }
    },
    "strip-ansi": {
      "version": "6.0.0",
      "resolved": "https://repo.mamdev.server.lan/artifactory/api/npm/npm-snapshots/strip-ansi/-/strip-ansi-6.0.0.tgz",
      "integrity": "sha1-CxVx3XZpzNTz4G4U7x7tJiJa5TI=",
      "requires": {
        "ansi-regex": "^5.0.0"
      }
    },
    "supports-color": {
      "version": "7.2.0",
      "resolved": "https://repo.mamdev.server.lan/artifactory/api/npm/npm-snapshots/supports-color/-/supports-color-7.2.0.tgz",
      "integrity": "sha1-G33NyzK4E4gBs+R4umpRyqiWSNo=",
      "requires": {
        "has-flag": "^4.0.0"
      }
    },
    "to-regex-range": {
      "version": "5.0.1",
      "resolved": "https://repo.mamdev.server.lan/artifactory/api/npm/npm-snapshots/to-regex-range/-/to-regex-range-5.0.1.tgz",
      "integrity": "sha1-FkjESq58jZiKMmAY7XL1tN0DkuQ=",
      "requires": {
        "is-number": "^7.0.0"
      }
    },
    "universalify": {
      "version": "2.0.0",
      "resolved": "https://repo.mamdev.server.lan/artifactory/api/npm/npm-snapshots/universalify/-/universalify-2.0.0.tgz",
      "integrity": "sha1-daSYTv7cSwiXXFrrc/Uw0C3yVxc="
    },
    "wrap-ansi": {
      "version": "7.0.0",
      "resolved": "https://repo.mamdev.server.lan/artifactory/api/npm/npm-snapshots/wrap-ansi/-/wrap-ansi-7.0.0.tgz",
      "integrity": "sha1-Z+FFz/UQpqaYS98RUpEdadLrnkM=",
      "requires": {
        "ansi-styles": "^4.0.0",
        "string-width": "^4.1.0",
        "strip-ansi": "^6.0.0"
      }
    },
    "y18n": {
      "version": "5.0.8",
      "resolved": "https://repo.mamdev.server.lan/artifactory/api/npm/npm-snapshots/y18n/-/y18n-5.0.8.tgz",
      "integrity": "sha1-f0k00PfKjFb5UxSTndzS3ZHOHVU="
    },
    "yaml": {
      "version": "1.10.2",
      "resolved": "https://repo.mamdev.server.lan/artifactory/api/npm/npm-snapshots/yaml/-/yaml-1.10.2.tgz",
      "integrity": "sha1-IwHF/78StGfejaIzOkWeKeeSDks="
    },
    "yargs": {
      "version": "16.2.0",
      "resolved": "https://repo.mamdev.server.lan/artifactory/api/npm/npm-snapshots/yargs/-/yargs-16.2.0.tgz",
      "integrity": "sha1-HIK/D2tqZur85+8w43b0mhJHf2Y=",
      "requires": {
        "cliui": "^7.0.2",
        "escalade": "^3.1.1",
        "get-caller-file": "^2.0.5",
        "require-directory": "^2.1.1",
        "string-width": "^4.2.0",
        "y18n": "^5.0.5",
        "yargs-parser": "^20.2.2"
      }
    },
    "yargs-parser": {
      "version": "20.2.7",
      "resolved": "https://repo.mamdev.server.lan/artifactory/api/npm/npm-snapshots/yargs-parser/-/yargs-parser-20.2.7.tgz",
      "integrity": "sha1-Yd+FwRPt+1p6TjbriqYO9CPLyQo="
    }
  }
}
